
Microsoft Visual Studio Solution File, Format Version 11.00
# Visual Studio 2010
Project("{FAE04EC0-301F-11D3-BF4B-00C04F79EFBC}") = "goblinfire-dungeon", "Assembly-CSharp.csproj", "{51367EB1-D566-8A22-2217-B4B491EE377F}"
EndProject
Project("{FAE04EC0-301F-11D3-BF4B-00C04F79EFBC}") = "goblinfire-dungeon", "Assembly-CSharp-Editor.csproj", "{F4F7773D-0D59-428B-6A30-AFC884FA4867}"
EndProject
Global
	GlobalSection(SolutionConfigurationPlatforms) = preSolution
		Debug|Any CPU = Debug|Any CPU
		Release|Any CPU = Release|Any CPU
	EndGlobalSection
	GlobalSection(ProjectConfigurationPlatforms) = postSolution
		{51367EB1-D566-8A22-2217-B4B491EE377F}.Debug|Any CPU.ActiveCfg = Debug|Any CPU
		{51367EB1-D566-8A22-2217-B4B491EE377F}.Debug|Any CPU.Build.0 = Debug|Any CPU
		{51367EB1-D566-8A22-2217-B4B491EE377F}.Release|Any CPU.ActiveCfg = Release|Any CPU
		{51367EB1-D566-8A22-2217-B4B491EE377F}.Release|Any CPU.Build.0 = Release|Any CPU
		{F4F7773D-0D59-428B-6A30-AFC884FA4867}.Debug|Any CPU.ActiveCfg = Debug|Any CPU
		{F4F7773D-0D59-428B-6A30-AFC884FA4867}.Debug|Any CPU.Build.0 = Debug|Any CPU
		{F4F7773D-0D59-428B-6A30-AFC884FA4867}.Release|Any CPU.ActiveCfg = Release|Any CPU
		{F4F7773D-0D59-428B-6A30-AFC884FA4867}.Release|Any CPU.Build.0 = Release|Any CPU
	EndGlobalSection
	GlobalSection(SolutionProperties) = preSolution
		HideSolutionNode = FALSE
	EndGlobalSection
	GlobalSection(MonoDevelopProperties) = preSolution
		StartupItem = Assembly-CSharp.csproj
	EndGlobalSection
EndGlobal
